
Microsoft Visual Studio Solution File, Format Version 12.00
# Visual Studio Version 16
VisualStudioVersion = 16.0.30011.22
MinimumVisualStudioVersion = 10.0.40219.1
Project("{FAE04EC0-301F-11D3-BF4B-00C04F79EFBC}") = "B2.RegitationForm", "B2.RegitationForm\B2.RegitationForm.csproj", "{83345E5C-7D70-4F76-990A-447048045117}"
EndProject
Global
	GlobalSection(SolutionConfigurationPlatforms) = preSolution
		Debug|Any CPU = Debug|Any CPU
		Release|Any CPU = Release|Any CPU
	EndGlobalSection
	GlobalSection(ProjectConfigurationPlatforms) = postSolution
		{83345E5C-7D70-4F76-990A-447048045117}.Debug|Any CPU.ActiveCfg = Debug|Any CPU
		{83345E5C-7D70-4F76-990A-447048045117}.Debug|Any CPU.Build.0 = Debug|Any CPU
		{83345E5C-7D70-4F76-990A-447048045117}.Release|Any CPU.ActiveCfg = Release|Any CPU
		{83345E5C-7D70-4F76-990A-447048045117}.Release|Any CPU.Build.0 = Release|Any CPU
	EndGlobalSection
	GlobalSection(SolutionProperties) = preSolution
		HideSolutionNode = FALSE
	EndGlobalSection
	GlobalSection(ExtensibilityGlobals) = postSolution
		SolutionGuid = {0B5472C4-9061-4A42-A697-0F50CC1ECBFB}
	EndGlobalSection
EndGlobal
